
Microsoft Visual Studio Solution File, Format Version 12.00
# Visual Studio Version 16
VisualStudioVersion = 16.0.30621.155
MinimumVisualStudioVersion = 10.0.40219.1
Project("{FAE04EC0-301F-11D3-BF4B-00C04F79EFBC}") = "Practica1Xamarin.Android", "Practica1Xamarin\Practica1Xamarin.Android\Practica1Xamarin.Android.csproj", "{E3B3D3FE-C5D1-4CEF-BFB8-B10727C9D675}"
EndProject
Project("{FAE04EC0-301F-11D3-BF4B-00C04F79EFBC}") = "Practica1Xamarin.iOS", "Practica1Xamarin\Practica1Xamarin.iOS\Practica1Xamarin.iOS.csproj", "{78C78F6B-B777-4C96-8793-1A22C6F987EB}"
EndProject
Project("{FAE04EC0-301F-11D3-BF4B-00C04F79EFBC}") = "Practica1Xamarin", "Practica1Xamarin\Practica1Xamarin\Practica1Xamarin.csproj", "{68214627-A6F7-45B7-89C4-95804DA49F79}"
EndProject
Global
	GlobalSection(SolutionConfigurationPlatforms) = preSolution
		Debug|Any CPU = Debug|Any CPU
		Debug|iPhone = Debug|iPhone
		Debug|iPhoneSimulator = Debug|iPhoneSimulator
		Release|Any CPU = Release|Any CPU
		Release|iPhone = Release|iPhone
		Release|iPhoneSimulator = Release|iPhoneSimulator
	EndGlobalSection
	GlobalSection(ProjectConfigurationPlatforms) = postSolution
		{E3B3D3FE-C5D1-4CEF-BFB8-B10727C9D675}.Debug|Any CPU.ActiveCfg = Debug|Any CPU
		{E3B3D3FE-C5D1-4CEF-BFB8-B10727C9D675}.Debug|Any CPU.Build.0 = Debug|Any CPU
		{E3B3D3FE-C5D1-4CEF-BFB8-B10727C9D675}.Debug|Any CPU.Deploy.0 = Debug|Any CPU
		{E3B3D3FE-C5D1-4CEF-BFB8-B10727C9D675}.Debug|iPhone.ActiveCfg = Debug|Any CPU
		{E3B3D3FE-C5D1-4CEF-BFB8-B10727C9D675}.Debug|iPhone.Build.0 = Debug|Any CPU
		{E3B3D3FE-C5D1-4CEF-BFB8-B10727C9D675}.Debug|iPhone.Deploy.0 = Debug|Any CPU
		{E3B3D3FE-C5D1-4CEF-BFB8-B10727C9D675}.Debug|iPhoneSimulator.ActiveCfg = Debug|Any CPU
		{E3B3D3FE-C5D1-4CEF-BFB8-B10727C9D675}.Debug|iPhoneSimulator.Build.0 = Debug|Any CPU
		{E3B3D3FE-C5D1-4CEF-BFB8-B10727C9D675}.Debug|iPhoneSimulator.Deploy.0 = Debug|Any CPU
		{E3B3D3FE-C5D1-4CEF-BFB8-B10727C9D675}.Release|Any CPU.ActiveCfg = Release|Any CPU
		{E3B3D3FE-C5D1-4CEF-BFB8-B10727C9D675}.Release|Any CPU.Build.0 = Release|Any CPU
		{E3B3D3FE-C5D1-4CEF-BFB8-B10727C9D675}.Release|Any CPU.Deploy.0 = Release|Any CPU
		{E3B3D3FE-C5D1-4CEF-BFB8-B10727C9D675}.Release|iPhone.ActiveCfg = Release|Any CPU
		{E3B3D3FE-C5D1-4CEF-BFB8-B10727C9D675}.Release|iPhone.Build.0 = Release|Any CPU
		{E3B3D3FE-C5D1-4CEF-BFB8-B10727C9D675}.Release|iPhone.Deploy.0 = Release|Any CPU
		{E3B3D3FE-C5D1-4CEF-BFB8-B10727C9D675}.Release|iPhoneSimulator.ActiveCfg = Release|Any CPU
		{E3B3D3FE-C5D1-4CEF-BFB8-B10727C9D675}.Release|iPhoneSimulator.Build.0 = Release|Any CPU
		{E3B3D3FE-C5D1-4CEF-BFB8-B10727C9D675}.Release|iPhoneSimulator.Deploy.0 = Release|Any CPU
		{78C78F6B-B777-4C96-8793-1A22C6F987EB}.Debug|Any CPU.ActiveCfg = Debug|iPhone
		{78C78F6B-B777-4C96-8793-1A22C6F987EB}.Debug|Any CPU.Build.0 = Debug|iPhone
		{78C78F6B-B777-4C96-8793-1A22C6F987EB}.Debug|Any CPU.Deploy.0 = Debug|iPhone
		{78C78F6B-B777-4C96-8793-1A22C6F987EB}.Debug|iPhone.ActiveCfg = Debug|iPhone
		{78C78F6B-B777-4C96-8793-1A22C6F987EB}.Debug|iPhone.Build.0 = Debug|iPhone
		{78C78F6B-B777-4C96-8793-1A22C6F987EB}.Debug|iPhone.Deploy.0 = Debug|iPhone
		{78C78F6B-B777-4C96-8793-1A22C6F987EB}.Debug|iPhoneSimulator.ActiveCfg = Debug|iPhoneSimulator
		{78C78F6B-B777-4C96-8793-1A22C6F987EB}.Debug|iPhoneSimulator.Build.0 = Debug|iPhoneSimulator
		{78C78F6B-B777-4C96-8793-1A22C6F987EB}.Debug|iPhoneSimulator.Deploy.0 = Debug|iPhoneSimulator
		{78C78F6B-B777-4C96-8793-1A22C6F987EB}.Release|Any CPU.ActiveCfg = Release|iPhoneSimulator
		{78C78F6B-B777-4C96-8793-1A22C6F987EB}.Release|Any CPU.Build.0 = Release|iPhoneSimulator
		{78C78F6B-B777-4C96-8793-1A22C6F987EB}.Release|Any CPU.Deploy.0 = Release|iPhoneSimulator
		{78C78F6B-B777-4C96-8793-1A22C6F987EB}.Release|iPhone.ActiveCfg = Release|iPhone
		{78C78F6B-B777-4C96-8793-1A22C6F987EB}.Release|iPhone.Build.0 = Release|iPhone
		{78C78F6B-B777-4C96-8793-1A22C6F987EB}.Release|iPhone.Deploy.0 = Release|iPhone
		{78C78F6B-B777-4C96-8793-1A22C6F987EB}.Release|iPhoneSimulator.ActiveCfg = Release|iPhoneSimulator
		{78C78F6B-B777-4C96-8793-1A22C6F987EB}.Release|iPhoneSimulator.Build.0 = Release|iPhoneSimulator
		{78C78F6B-B777-4C96-8793-1A22C6F987EB}.Release|iPhoneSimulator.Deploy.0 = Release|iPhoneSimulator
		{68214627-A6F7-45B7-89C4-95804DA49F79}.Debug|Any CPU.ActiveCfg = Debug|Any CPU
		{68214627-A6F7-45B7-89C4-95804DA49F79}.Debug|Any CPU.Build.0 = Debug|Any CPU
		{68214627-A6F7-45B7-89C4-95804DA49F79}.Debug|Any CPU.Deploy.0 = Debug|Any CPU
		{68214627-A6F7-45B7-89C4-95804DA49F79}.Debug|iPhone.ActiveCfg = Debug|Any CPU
		{68214627-A6F7-45B7-89C4-95804DA49F79}.Debug|iPhone.Build.0 = Debug|Any CPU
		{68214627-A6F7-45B7-89C4-95804DA49F79}.Debug|iPhone.Deploy.0 = Debug|Any CPU
		{68214627-A6F7-45B7-89C4-95804DA49F79}.Debug|iPhoneSimulator.ActiveCfg = Debug|Any CPU
		{68214627-A6F7-45B7-89C4-95804DA49F79}.Debug|iPhoneSimulator.Build.0 = Debug|Any CPU
		{68214627-A6F7-45B7-89C4-95804DA49F79}.Debug|iPhoneSimulator.Deploy.0 = Debug|Any CPU
		{68214627-A6F7-45B7-89C4-95804DA49F79}.Release|Any CPU.ActiveCfg = Release|Any CPU
		{68214627-A6F7-45B7-89C4-95804DA49F79}.Release|Any CPU.Build.0 = Release|Any CPU
		{68214627-A6F7-45B7-89C4-95804DA49F79}.Release|Any CPU.Deploy.0 = Release|Any CPU
		{68214627-A6F7-45B7-89C4-95804DA49F79}.Release|iPhone.ActiveCfg = Release|Any CPU
		{68214627-A6F7-45B7-89C4-95804DA49F79}.Release|iPhone.Build.0 = Release|Any CPU
		{68214627-A6F7-45B7-89C4-95804DA49F79}.Release|iPhone.Deploy.0 = Release|Any CPU
		{68214627-A6F7-45B7-89C4-95804DA49F79}.Release|iPhoneSimulator.ActiveCfg = Release|Any CPU
		{68214627-A6F7-45B7-89C4-95804DA49F79}.Release|iPhoneSimulator.Build.0 = Release|Any CPU
		{68214627-A6F7-45B7-89C4-95804DA49F79}.Release|iPhoneSimulator.Deploy.0 = Release|Any CPU
	EndGlobalSection
	GlobalSection(SolutionProperties) = preSolution
		HideSolutionNode = FALSE
	EndGlobalSection
	GlobalSection(ExtensibilityGlobals) = postSolution
		SolutionGuid = {679BBF07-4F65-47EC-A285-37EB172F5874}
	EndGlobalSection
EndGlobal
